
Microsoft Visual Studio Solution File, Format Version 12.00
# Visual Studio Version 17
VisualStudioVersion = 17.2.32630.192
MinimumVisualStudioVersion = 10.0.40219.1
Project("{FAE04EC0-301F-11D3-BF4B-00C04F79EFBC}") = "CRUDDouglas", "CRUDDouglas\CRUDDouglas.csproj", "{33209F34-7F67-4BA0-B717-1AB2A829EE45}"
EndProject
Global
	GlobalSection(SolutionConfigurationPlatforms) = preSolution
		Debug|Any CPU = Debug|Any CPU
		Release|Any CPU = Release|Any CPU
	EndGlobalSection
	GlobalSection(ProjectConfigurationPlatforms) = postSolution
		{33209F34-7F67-4BA0-B717-1AB2A829EE45}.Debug|Any CPU.ActiveCfg = Debug|Any CPU
		{33209F34-7F67-4BA0-B717-1AB2A829EE45}.Debug|Any CPU.Build.0 = Debug|Any CPU
		{33209F34-7F67-4BA0-B717-1AB2A829EE45}.Release|Any CPU.ActiveCfg = Release|Any CPU
		{33209F34-7F67-4BA0-B717-1AB2A829EE45}.Release|Any CPU.Build.0 = Release|Any CPU
	EndGlobalSection
	GlobalSection(SolutionProperties) = preSolution
		HideSolutionNode = FALSE
	EndGlobalSection
	GlobalSection(ExtensibilityGlobals) = postSolution
		SolutionGuid = {332DB5C1-F9F0-4071-8080-91EB4CD16B6D}
	EndGlobalSection
EndGlobal
